<Solution>
  <Folder Name="/Solution Items/">
    <File Path=".github/renovate.json" />
    <File Path=".github/workflows/cicd.yaml" />
    <File Path="example/composition.yaml" />
    <File Path="example/functions.yaml" />
    <File Path="example/xr.yaml" />
    <File Path="global.json" />
    <File Path="README.md" />
  </Folder>
  <Project Path="src/MyFunction/MyFunction.csproj" />
  <Project Path="tests/MyFunction.Tests/MyFunction.Tests.csproj" />
</Solution>
